// !$*UTF8*$!
{
	archiveVersion = 1;
	classes = {
	};
	objectVersion = 54;
	objects = {

/* Begin PBXBuildFile section */
		0C80B921A6F3F58F76C31292 /* libPods-Lector_Education.a in Frameworks */ = {isa = PBXBuildFile; fileRef = 5DCACB8F33CDC322A6C60F78 /* libPods-Lector_Education.a */; };
		13B07FBF1A68108700A75B9A /* Images.xcassets in Resources */ = {isa = PBXBuildFile; fileRef = 13B07FB51A68108700A75B9A /* Images.xcassets */; };
		761780ED2CA45674006654EE /* AppDelegate.swift in Sources */ = {isa = PBXBuildFile; fileRef = 761780EC2CA45674006654EE /* AppDelegate.swift */; };
		81AB9BB82411601600AC10FF /* LaunchScreen.storyboard in Resources */ = {isa = PBXBuildFile; fileRef = 81AB9BB72411601600AC10FF /* LaunchScreen.storyboard */; };
		CF2F5B4231A34A7D8A4F31C5 /* Nunito-Bold.otf in Resources */ = {isa = PBXBuildFile; fileRef = C6ECF6210FE34DB38DA7F3D7 /* Nunito-Bold.otf */; };
		7770F948A4B443459FA48937 /* Nunito-ExtraBold.otf in Resources */ = {isa = PBXBuildFile; fileRef = 3FDC64026A6D4A64AC9BC8BE /* Nunito-ExtraBold.otf */; };
		120B2FD027774043A6FBF71D /* Nunito-ExtraLight.otf in Resources */ = {isa = PBXBuildFile; fileRef = 0B0FA473806142359B10B9CA /* Nunito-ExtraLight.otf */; };
		EE0478EBD2D34B639A56AD61 /* Nunito-Light.otf in Resources */ = {isa = PBXBuildFile; fileRef = 1DBFD9301F8F47A59699933E /* Nunito-Light.otf */; };
		06CD461696FF41D8BBE4A08A /* Nunito-Medium.otf in Resources */ = {isa = PBXBuildFile; fileRef = 472E3E3E008D433CB4D8D987 /* Nunito-Medium.otf */; };
		69CE0DCAF89C47D19E40AC0E /* Nunito-Regular.otf in Resources */ = {isa = PBXBuildFile; fileRef = 2B764CD08FDD4068BB045CC4 /* Nunito-Regular.otf */; };
		54D86567B1B34D3AA7A3F44C /* Nunito-SemiBold.otf in Resources */ = {isa = PBXBuildFile; fileRef = 20DB7A299201483BB82DF45A /* Nunito-SemiBold.otf */; };
		A408CD0A5685447BBF386E07 /* digital-7 (italic).ttf in Resources */ = {isa = PBXBuildFile; fileRef = 637C1E9A7AF0455C9E16581C /* digital-7 (italic).ttf */; };
		8E21813AEF4E48D1927341C8 /* digital-7 (mono italic).ttf in Resources */ = {isa = PBXBuildFile; fileRef = 2E5DEA91D1FE41F990CBC8CC /* digital-7 (mono italic).ttf */; };
		595BD8CB6A6E47AFB66FF08A /* digital-7 (mono).ttf in Resources */ = {isa = PBXBuildFile; fileRef = 742BE4AD614848818CB9D7E3 /* digital-7 (mono).ttf */; };
		BD9C7323F6104854A378DCDA /* digital-7.ttf in Resources */ = {isa = PBXBuildFile; fileRef = 6648D2F542A54C5DA75F7388 /* digital-7.ttf */; };
		CA8F9401AF5E4ECF902D6702 /* Poppins-Bold.ttf in Resources */ = {isa = PBXBuildFile; fileRef = E8EF016AC5554986AE6C44B3 /* Poppins-Bold.ttf */; };
		AD65D49E8A944D3781BBE53F /* Poppins-ExtraBold.ttf in Resources */ = {isa = PBXBuildFile; fileRef = 8C8B01F69E53414AA0E1BAB0 /* Poppins-ExtraBold.ttf */; };
		20783286C3EA482CAFDB2E36 /* Poppins-ExtraLight.ttf in Resources */ = {isa = PBXBuildFile; fileRef = DF5A32F2F6FF495F88377FEB /* Poppins-ExtraLight.ttf */; };
		8BD1E59754D34C2C8A9CD7E4 /* Poppins-Medium.ttf in Resources */ = {isa = PBXBuildFile; fileRef = 73F90F2BAA64443D9B6E9CA6 /* Poppins-Medium.ttf */; };
		33206CAE39DB4D0F9508C222 /* Poppins-Regular.ttf in Resources */ = {isa = PBXBuildFile; fileRef = 26DD5F19C3234F0480EBA2E3 /* Poppins-Regular.ttf */; };
		71B86C85A4CB4900BF008242 /* Poppins-SemiBold.ttf in Resources */ = {isa = PBXBuildFile; fileRef = FB1CA1CFF4C74B92B8DD6487 /* Poppins-SemiBold.ttf */; };
		E3A7BABDCBA64CDAA493621B /* AntDesign.ttf in Resources */ = {isa = PBXBuildFile; fileRef = 8137B52EBF03488E9B508365 /* AntDesign.ttf */; };
		4790A60F37FB4DF9B2402C9A /* Entypo.ttf in Resources */ = {isa = PBXBuildFile; fileRef = 263B58E6AE83443CB57AD69B /* Entypo.ttf */; };
		EFCA9A88F2574953A3C70E9B /* EvilIcons.ttf in Resources */ = {isa = PBXBuildFile; fileRef = 845D65E2E37841738637DA0D /* EvilIcons.ttf */; };
		6536B1E75DA14AA09598F702 /* Feather.ttf in Resources */ = {isa = PBXBuildFile; fileRef = DF435A0546A54F7393BE9082 /* Feather.ttf */; };
		7A391A60F033471EB903AE6E /* FontAwesome.ttf in Resources */ = {isa = PBXBuildFile; fileRef = BFF6C338F13D47A1B3E77435 /* FontAwesome.ttf */; };
		25F8156D5E48468A91F195F4 /* FontAwesome5_Brands.ttf in Resources */ = {isa = PBXBuildFile; fileRef = 6BC52000703243D29D674C4D /* FontAwesome5_Brands.ttf */; };
		75E7E131B57D4B1FA94D416E /* FontAwesome5_Regular.ttf in Resources */ = {isa = PBXBuildFile; fileRef = 8AA33B6168224ABDB371D28E /* FontAwesome5_Regular.ttf */; };
		B997B8C34C284D11B5B7EF4D /* FontAwesome5_Solid.ttf in Resources */ = {isa = PBXBuildFile; fileRef = 4DAC6FE3DC45487B99DCBFE2 /* FontAwesome5_Solid.ttf */; };
		50193CE3F02345D985AFDFE8 /* FontAwesome6_Brands.ttf in Resources */ = {isa = PBXBuildFile; fileRef = 3C04911BD69D40A1B07606CD /* FontAwesome6_Brands.ttf */; };
		7F0BFEC6F2F745ED88A8E39A /* FontAwesome6_Regular.ttf in Resources */ = {isa = PBXBuildFile; fileRef = 0B8E92FBF9A148F4A7021825 /* FontAwesome6_Regular.ttf */; };
		AB0EDC98793D41249C349F1A /* FontAwesome6_Solid.ttf in Resources */ = {isa = PBXBuildFile; fileRef = B353EE70C81644CABB8B0F09 /* FontAwesome6_Solid.ttf */; };
		1904A7557AC141A59BC0545B /* Fontisto.ttf in Resources */ = {isa = PBXBuildFile; fileRef = B8DF08DE60DD408FAEEA12A6 /* Fontisto.ttf */; };
		241B057355D94ED5B76F6F02 /* Foundation.ttf in Resources */ = {isa = PBXBuildFile; fileRef = AE18BB2B56E24C58B22661BF /* Foundation.ttf */; };
		ED572254A67E4671AFBC65DF /* Ionicons.ttf in Resources */ = {isa = PBXBuildFile; fileRef = 01794928E89A4EDEBC35F87E /* Ionicons.ttf */; };
		CB12037F4AB544E99537E5AF /* MaterialCommunityIcons.ttf in Resources */ = {isa = PBXBuildFile; fileRef = 1726BA6910D44E9A9BE4AAC0 /* MaterialCommunityIcons.ttf */; };
		9AC9BF6542A6456498F3BF13 /* MaterialIcons.ttf in Resources */ = {isa = PBXBuildFile; fileRef = A5A255051DB24BA48D857BC1 /* MaterialIcons.ttf */; };
		71B8CEE293FE48C193CECFE9 /* Octicons.ttf in Resources */ = {isa = PBXBuildFile; fileRef = A23315F0EC2548559743D431 /* Octicons.ttf */; };
		F3C84D519CF148F49EC6F872 /* SimpleLineIcons.ttf in Resources */ = {isa = PBXBuildFile; fileRef = 7CFDF08AE4134D188E914341 /* SimpleLineIcons.ttf */; };
		A1FF158707114FD9B406E83F /* Zocial.ttf in Resources */ = {isa = PBXBuildFile; fileRef = EF67C05C93A340B49D6EF9CC /* Zocial.ttf */; };
		2633E7DB0D6F4D0382C0B224 /* DS-DIGI.TTF in Resources */ = {isa = PBXBuildFile; fileRef = 78023897AF2F4978BF869EC5 /* DS-DIGI.TTF */; };
		4294EC032C464BD5B969454F /* DS-DIGII.TTF in Resources */ = {isa = PBXBuildFile; fileRef = 48510C0365934687886EAD6F /* DS-DIGII.TTF */; };
/* End PBXBuildFile section */

/* Begin PBXFileReference section */
		13B07F961A680F5B00A75B9A /* Lector_Education.app */ = {isa = PBXFileReference; explicitFileType = wrapper.application; includeInIndex = 0; path = Lector_Education.app; sourceTree = BUILT_PRODUCTS_DIR; };
		13B07FB51A68108700A75B9A /* Images.xcassets */ = {isa = PBXFileReference; lastKnownFileType = folder.assetcatalog; name = Images.xcassets; path = Lector_Education/Images.xcassets; sourceTree = "<group>"; };
		13B07FB61A68108700A75B9A /* Info.plist */ = {isa = PBXFileReference; fileEncoding = 4; lastKnownFileType = text.plist.xml; name = Info.plist; path = Lector_Education/Info.plist; sourceTree = "<group>"; };
		13B07FB81A68108700A75B9A /* PrivacyInfo.xcprivacy */ = {isa = PBXFileReference; fileEncoding = 4; lastKnownFileType = text.plist.xml; name = PrivacyInfo.xcprivacy; path = Lector_Education/PrivacyInfo.xcprivacy; sourceTree = "<group>"; };
		3B4392A12AC88292D35C810B /* Pods-Lector_Education.debug.xcconfig */ = {isa = PBXFileReference; includeInIndex = 1; lastKnownFileType = text.xcconfig; name = "Pods-Lector_Education.debug.xcconfig"; path = "Target Support Files/Pods-Lector_Education/Pods-Lector_Education.debug.xcconfig"; sourceTree = "<group>"; };
		5709B34CF0A7D63546082F79 /* Pods-Lector_Education.release.xcconfig */ = {isa = PBXFileReference; includeInIndex = 1; lastKnownFileType = text.xcconfig; name = "Pods-Lector_Education.release.xcconfig"; path = "Target Support Files/Pods-Lector_Education/Pods-Lector_Education.release.xcconfig"; sourceTree = "<group>"; };
		5DCACB8F33CDC322A6C60F78 /* libPods-Lector_Education.a */ = {isa = PBXFileReference; explicitFileType = archive.ar; includeInIndex = 0; path = "libPods-Lector_Education.a"; sourceTree = BUILT_PRODUCTS_DIR; };
		761780EC2CA45674006654EE /* AppDelegate.swift */ = {isa = PBXFileReference; lastKnownFileType = sourcecode.swift; name = AppDelegate.swift; path = Lector_Education/AppDelegate.swift; sourceTree = "<group>"; };
		81AB9BB72411601600AC10FF /* LaunchScreen.storyboard */ = {isa = PBXFileReference; fileEncoding = 4; lastKnownFileType = file.storyboard; name = LaunchScreen.storyboard; path = Lector_Education/LaunchScreen.storyboard; sourceTree = "<group>"; };
		ED297162215061F000B7C4FE /* JavaScriptCore.framework */ = {isa = PBXFileReference; lastKnownFileType = wrapper.framework; name = JavaScriptCore.framework; path = System/Library/Frameworks/JavaScriptCore.framework; sourceTree = SDKROOT; };
		C6ECF6210FE34DB38DA7F3D7 /* Nunito-Bold.otf */ = {isa = PBXFileReference; name = "Nunito-Bold.otf"; path = "../src/assets/fonts/Nunito-Bold.otf"; sourceTree = "<group>"; fileEncoding = undefined; lastKnownFileType = unknown; explicitFileType = undefined; includeInIndex = 0; };
		3FDC64026A6D4A64AC9BC8BE /* Nunito-ExtraBold.otf */ = {isa = PBXFileReference; name = "Nunito-ExtraBold.otf"; path = "../src/assets/fonts/Nunito-ExtraBold.otf"; sourceTree = "<group>"; fileEncoding = undefined; lastKnownFileType = unknown; explicitFileType = undefined; includeInIndex = 0; };
		0B0FA473806142359B10B9CA /* Nunito-ExtraLight.otf */ = {isa = PBXFileReference; name = "Nunito-ExtraLight.otf"; path = "../src/assets/fonts/Nunito-ExtraLight.otf"; sourceTree = "<group>"; fileEncoding = undefined; lastKnownFileType = unknown; explicitFileType = undefined; includeInIndex = 0; };
		1DBFD9301F8F47A59699933E /* Nunito-Light.otf */ = {isa = PBXFileReference; name = "Nunito-Light.otf"; path = "../src/assets/fonts/Nunito-Light.otf"; sourceTree = "<group>"; fileEncoding = undefined; lastKnownFileType = unknown; explicitFileType = undefined; includeInIndex = 0; };
		472E3E3E008D433CB4D8D987 /* Nunito-Medium.otf */ = {isa = PBXFileReference; name = "Nunito-Medium.otf"; path = "../src/assets/fonts/Nunito-Medium.otf"; sourceTree = "<group>"; fileEncoding = undefined; lastKnownFileType = unknown; explicitFileType = undefined; includeInIndex = 0; };
		2B764CD08FDD4068BB045CC4 /* Nunito-Regular.otf */ = {isa = PBXFileReference; name = "Nunito-Regular.otf"; path = "../src/assets/fonts/Nunito-Regular.otf"; sourceTree = "<group>"; fileEncoding = undefined; lastKnownFileType = unknown; explicitFileType = undefined; includeInIndex = 0; };
		20DB7A299201483BB82DF45A /* Nunito-SemiBold.otf */ = {isa = PBXFileReference; name = "Nunito-SemiBold.otf"; path = "../src/assets/fonts/Nunito-SemiBold.otf"; sourceTree = "<group>"; fileEncoding = undefined; lastKnownFileType = unknown; explicitFileType = undefined; includeInIndex = 0; };
		637C1E9A7AF0455C9E16581C /* digital-7 (italic).ttf */ = {isa = PBXFileReference; name = "digital-7 (italic).ttf"; path = "../src/assets/fonts/digital-7 (italic).ttf"; sourceTree = "<group>"; fileEncoding = undefined; lastKnownFileType = unknown; explicitFileType = undefined; includeInIndex = 0; };
		2E5DEA91D1FE41F990CBC8CC /* digital-7 (mono italic).ttf */ = {isa = PBXFileReference; name = "digital-7 (mono italic).ttf"; path = "../src/assets/fonts/digital-7 (mono italic).ttf"; sourceTree = "<group>"; fileEncoding = undefined; lastKnownFileType = unknown; explicitFileType = undefined; includeInIndex = 0; };
		742BE4AD614848818CB9D7E3 /* digital-7 (mono).ttf */ = {isa = PBXFileReference; name = "digital-7 (mono).ttf"; path = "../src/assets/fonts/digital-7 (mono).ttf"; sourceTree = "<group>"; fileEncoding = undefined; lastKnownFileType = unknown; explicitFileType = undefined; includeInIndex = 0; };
		6648D2F542A54C5DA75F7388 /* digital-7.ttf */ = {isa = PBXFileReference; name = "digital-7.ttf"; path = "../src/assets/fonts/digital-7.ttf"; sourceTree = "<group>"; fileEncoding = undefined; lastKnownFileType = unknown; explicitFileType = undefined; includeInIndex = 0; };
		E8EF016AC5554986AE6C44B3 /* Poppins-Bold.ttf */ = {isa = PBXFileReference; name = "Poppins-Bold.ttf"; path = "../src/assets/fonts/Poppins-Bold.ttf"; sourceTree = "<group>"; fileEncoding = undefined; lastKnownFileType = unknown; explicitFileType = undefined; includeInIndex = 0; };
		8C8B01F69E53414AA0E1BAB0 /* Poppins-ExtraBold.ttf */ = {isa = PBXFileReference; name = "Poppins-ExtraBold.ttf"; path = "../src/assets/fonts/Poppins-ExtraBold.ttf"; sourceTree = "<group>"; fileEncoding = undefined; lastKnownFileType = unknown; explicitFileType = undefined; includeInIndex = 0; };
		DF5A32F2F6FF495F88377FEB /* Poppins-ExtraLight.ttf */ = {isa = PBXFileReference; name = "Poppins-ExtraLight.ttf"; path = "../src/assets/fonts/Poppins-ExtraLight.ttf"; sourceTree = "<group>"; fileEncoding = undefined; lastKnownFileType = unknown; explicitFileType = undefined; includeInIndex = 0; };
		73F90F2BAA64443D9B6E9CA6 /* Poppins-Medium.ttf */ = {isa = PBXFileReference; name = "Poppins-Medium.ttf"; path = "../src/assets/fonts/Poppins-Medium.ttf"; sourceTree = "<group>"; fileEncoding = undefined; lastKnownFileType = unknown; explicitFileType = undefined; includeInIndex = 0; };
		26DD5F19C3234F0480EBA2E3 /* Poppins-Regular.ttf */ = {isa = PBXFileReference; name = "Poppins-Regular.ttf"; path = "../src/assets/fonts/Poppins-Regular.ttf"; sourceTree = "<group>"; fileEncoding = undefined; lastKnownFileType = unknown; explicitFileType = undefined; includeInIndex = 0; };
		FB1CA1CFF4C74B92B8DD6487 /* Poppins-SemiBold.ttf */ = {isa = PBXFileReference; name = "Poppins-SemiBold.ttf"; path = "../src/assets/fonts/Poppins-SemiBold.ttf"; sourceTree = "<group>"; fileEncoding = undefined; lastKnownFileType = unknown; explicitFileType = undefined; includeInIndex = 0; };
		8137B52EBF03488E9B508365 /* AntDesign.ttf */ = {isa = PBXFileReference; name = "AntDesign.ttf"; path = "../node_modules/react-native-vector-icons/Fonts/AntDesign.ttf"; sourceTree = "<group>"; fileEncoding = undefined; lastKnownFileType = unknown; explicitFileType = undefined; includeInIndex = 0; };
		263B58E6AE83443CB57AD69B /* Entypo.ttf */ = {isa = PBXFileReference; name = "Entypo.ttf"; path = "../node_modules/react-native-vector-icons/Fonts/Entypo.ttf"; sourceTree = "<group>"; fileEncoding = undefined; lastKnownFileType = unknown; explicitFileType = undefined; includeInIndex = 0; };
		845D65E2E37841738637DA0D /* EvilIcons.ttf */ = {isa = PBXFileReference; name = "EvilIcons.ttf"; path = "../node_modules/react-native-vector-icons/Fonts/EvilIcons.ttf"; sourceTree = "<group>"; fileEncoding = undefined; lastKnownFileType = unknown; explicitFileType = undefined; includeInIndex = 0; };
		DF435A0546A54F7393BE9082 /* Feather.ttf */ = {isa = PBXFileReference; name = "Feather.ttf"; path = "../node_modules/react-native-vector-icons/Fonts/Feather.ttf"; sourceTree = "<group>"; fileEncoding = undefined; lastKnownFileType = unknown; explicitFileType = undefined; includeInIndex = 0; };
		BFF6C338F13D47A1B3E77435 /* FontAwesome.ttf */ = {isa = PBXFileReference; name = "FontAwesome.ttf"; path = "../node_modules/react-native-vector-icons/Fonts/FontAwesome.ttf"; sourceTree = "<group>"; fileEncoding = undefined; lastKnownFileType = unknown; explicitFileType = undefined; includeInIndex = 0; };
		6BC52000703243D29D674C4D /* FontAwesome5_Brands.ttf */ = {isa = PBXFileReference; name = "FontAwesome5_Brands.ttf"; path = "../node_modules/react-native-vector-icons/Fonts/FontAwesome5_Brands.ttf"; sourceTree = "<group>"; fileEncoding = undefined; lastKnownFileType = unknown; explicitFileType = undefined; includeInIndex = 0; };
		8AA33B6168224ABDB371D28E /* FontAwesome5_Regular.ttf */ = {isa = PBXFileReference; name = "FontAwesome5_Regular.ttf"; path = "../node_modules/react-native-vector-icons/Fonts/FontAwesome5_Regular.ttf"; sourceTree = "<group>"; fileEncoding = undefined; lastKnownFileType = unknown; explicitFileType = undefined; includeInIndex = 0; };
		4DAC6FE3DC45487B99DCBFE2 /* FontAwesome5_Solid.ttf */ = {isa = PBXFileReference; name = "FontAwesome5_Solid.ttf"; path = "../node_modules/react-native-vector-icons/Fonts/FontAwesome5_Solid.ttf"; sourceTree = "<group>"; fileEncoding = undefined; lastKnownFileType = unknown; explicitFileType = undefined; includeInIndex = 0; };
		3C04911BD69D40A1B07606CD /* FontAwesome6_Brands.ttf */ = {isa = PBXFileReference; name = "FontAwesome6_Brands.ttf"; path = "../node_modules/react-native-vector-icons/Fonts/FontAwesome6_Brands.ttf"; sourceTree = "<group>"; fileEncoding = undefined; lastKnownFileType = unknown; explicitFileType = undefined; includeInIndex = 0; };
		0B8E92FBF9A148F4A7021825 /* FontAwesome6_Regular.ttf */ = {isa = PBXFileReference; name = "FontAwesome6_Regular.ttf"; path = "../node_modules/react-native-vector-icons/Fonts/FontAwesome6_Regular.ttf"; sourceTree = "<group>"; fileEncoding = undefined; lastKnownFileType = unknown; explicitFileType = undefined; includeInIndex = 0; };
		B353EE70C81644CABB8B0F09 /* FontAwesome6_Solid.ttf */ = {isa = PBXFileReference; name = "FontAwesome6_Solid.ttf"; path = "../node_modules/react-native-vector-icons/Fonts/FontAwesome6_Solid.ttf"; sourceTree = "<group>"; fileEncoding = undefined; lastKnownFileType = unknown; explicitFileType = undefined; includeInIndex = 0; };
		B8DF08DE60DD408FAEEA12A6 /* Fontisto.ttf */ = {isa = PBXFileReference; name = "Fontisto.ttf"; path = "../node_modules/react-native-vector-icons/Fonts/Fontisto.ttf"; sourceTree = "<group>"; fileEncoding = undefined; lastKnownFileType = unknown; explicitFileType = undefined; includeInIndex = 0; };
		AE18BB2B56E24C58B22661BF /* Foundation.ttf */ = {isa = PBXFileReference; name = "Foundation.ttf"; path = "../node_modules/react-native-vector-icons/Fonts/Foundation.ttf"; sourceTree = "<group>"; fileEncoding = undefined; lastKnownFileType = unknown; explicitFileType = undefined; includeInIndex = 0; };
		01794928E89A4EDEBC35F87E /* Ionicons.ttf */ = {isa = PBXFileReference; name = "Ionicons.ttf"; path = "../node_modules/react-native-vector-icons/Fonts/Ionicons.ttf"; sourceTree = "<group>"; fileEncoding = undefined; lastKnownFileType = unknown; explicitFileType = undefined; includeInIndex = 0; };
		1726BA6910D44E9A9BE4AAC0 /* MaterialCommunityIcons.ttf */ = {isa = PBXFileReference; name = "MaterialCommunityIcons.ttf"; path = "../node_modules/react-native-vector-icons/Fonts/MaterialCommunityIcons.ttf"; sourceTree = "<group>"; fileEncoding = undefined; lastKnownFileType = unknown; explicitFileType = undefined; includeInIndex = 0; };
		A5A255051DB24BA48D857BC1 /* MaterialIcons.ttf */ = {isa = PBXFileReference; name = "MaterialIcons.ttf"; path = "../node_modules/react-native-vector-icons/Fonts/MaterialIcons.ttf"; sourceTree = "<group>"; fileEncoding = undefined; lastKnownFileType = unknown; explicitFileType = undefined; includeInIndex = 0; };
		A23315F0EC2548559743D431 /* Octicons.ttf */ = {isa = PBXFileReference; name = "Octicons.ttf"; path = "../node_modules/react-native-vector-icons/Fonts/Octicons.ttf"; sourceTree = "<group>"; fileEncoding = undefined; lastKnownFileType = unknown; explicitFileType = undefined; includeInIndex = 0; };
		7CFDF08AE4134D188E914341 /* SimpleLineIcons.ttf */ = {isa = PBXFileReference; name = "SimpleLineIcons.ttf"; path = "../node_modules/react-native-vector-icons/Fonts/SimpleLineIcons.ttf"; sourceTree = "<group>"; fileEncoding = undefined; lastKnownFileType = unknown; explicitFileType = undefined; includeInIndex = 0; };
		EF67C05C93A340B49D6EF9CC /* Zocial.ttf */ = {isa = PBXFileReference; name = "Zocial.ttf"; path = "../node_modules/react-native-vector-icons/Fonts/Zocial.ttf"; sourceTree = "<group>"; fileEncoding = undefined; lastKnownFileType = unknown; explicitFileType = undefined; includeInIndex = 0; };
		78023897AF2F4978BF869EC5 /* DS-DIGI.TTF */ = {isa = PBXFileReference; name = "DS-DIGI.TTF"; path = "../src/assets/fonts/DS-DIGI.TTF"; sourceTree = "<group>"; fileEncoding = undefined; lastKnownFileType = unknown; explicitFileType = undefined; includeInIndex = 0; };
		48510C0365934687886EAD6F /* DS-DIGII.TTF */ = {isa = PBXFileReference; name = "DS-DIGII.TTF"; path = "../src/assets/fonts/DS-DIGII.TTF"; sourceTree = "<group>"; fileEncoding = undefined; lastKnownFileType = unknown; explicitFileType = undefined; includeInIndex = 0; };
/* End PBXFileReference section */

/* Begin PBXFrameworksBuildPhase section */
		13B07F8C1A680F5B00A75B9A /* Frameworks */ = {
			isa = PBXFrameworksBuildPhase;
			buildActionMask = 2147483647;
			files = (
				0C80B921A6F3F58F76C31292 /* libPods-Lector_Education.a in Frameworks */,
			);
			runOnlyForDeploymentPostprocessing = 0;
		};
/* End PBXFrameworksBuildPhase section */

/* Begin PBXGroup section */
		13B07FAE1A68108700A75B9A /* Lector_Education */ = {
			isa = PBXGroup;
			children = (
				13B07FB51A68108700A75B9A /* Images.xcassets */,
				761780EC2CA45674006654EE /* AppDelegate.swift */,
				13B07FB61A68108700A75B9A /* Info.plist */,
				81AB9BB72411601600AC10FF /* LaunchScreen.storyboard */,
				13B07FB81A68108700A75B9A /* PrivacyInfo.xcprivacy */,
			);
			name = Lector_Education;
			sourceTree = "<group>";
		};
		2D16E6871FA4F8E400B85C8A /* Frameworks */ = {
			isa = PBXGroup;
			children = (
				ED297162215061F000B7C4FE /* JavaScriptCore.framework */,
				5DCACB8F33CDC322A6C60F78 /* libPods-Lector_Education.a */,
			);
			name = Frameworks;
			sourceTree = "<group>";
		};
		832341AE1AAA6A7D00B99B32 /* Libraries */ = {
			isa = PBXGroup;
			children = (
			);
			name = Libraries;
			sourceTree = "<group>";
		};
		83CBB9F61A601CBA00E9B192 = {
			isa = PBXGroup;
			children = (
				13B07FAE1A68108700A75B9A /* Lector_Education */,
				832341AE1AAA6A7D00B99B32 /* Libraries */,
				83CBBA001A601CBA00E9B192 /* Products */,
				2D16E6871FA4F8E400B85C8A /* Frameworks */,
				BBD78D7AC51CEA395F1C20DB /* Pods */,
				BECF635C9DD94DA7AC01B2E3 /* Resources */,
			);
			indentWidth = 2;
			sourceTree = "<group>";
			tabWidth = 2;
			usesTabs = 0;
		};
		83CBBA001A601CBA00E9B192 /* Products */ = {
			isa = PBXGroup;
			children = (
				13B07F961A680F5B00A75B9A /* Lector_Education.app */,
			);
			name = Products;
			sourceTree = "<group>";
		};
		BBD78D7AC51CEA395F1C20DB /* Pods */ = {
			isa = PBXGroup;
			children = (
				3B4392A12AC88292D35C810B /* Pods-Lector_Education.debug.xcconfig */,
				5709B34CF0A7D63546082F79 /* Pods-Lector_Education.release.xcconfig */,
			);
			path = Pods;
			sourceTree = "<group>";
		};
		BECF635C9DD94DA7AC01B2E3 /* Resources */ = {
			isa = "PBXGroup";
			children = (
				C6ECF6210FE34DB38DA7F3D7 /* Nunito-Bold.otf */,
				3FDC64026A6D4A64AC9BC8BE /* Nunito-ExtraBold.otf */,
				0B0FA473806142359B10B9CA /* Nunito-ExtraLight.otf */,
				1DBFD9301F8F47A59699933E /* Nunito-Light.otf */,
				472E3E3E008D433CB4D8D987 /* Nunito-Medium.otf */,
				2B764CD08FDD4068BB045CC4 /* Nunito-Regular.otf */,
				20DB7A299201483BB82DF45A /* Nunito-SemiBold.otf */,
				637C1E9A7AF0455C9E16581C /* digital-7 (italic).ttf */,
				2E5DEA91D1FE41F990CBC8CC /* digital-7 (mono italic).ttf */,
				742BE4AD614848818CB9D7E3 /* digital-7 (mono).ttf */,
				6648D2F542A54C5DA75F7388 /* digital-7.ttf */,
				E8EF016AC5554986AE6C44B3 /* Poppins-Bold.ttf */,
				8C8B01F69E53414AA0E1BAB0 /* Poppins-ExtraBold.ttf */,
				DF5A32F2F6FF495F88377FEB /* Poppins-ExtraLight.ttf */,
				73F90F2BAA64443D9B6E9CA6 /* Poppins-Medium.ttf */,
				26DD5F19C3234F0480EBA2E3 /* Poppins-Regular.ttf */,
				FB1CA1CFF4C74B92B8DD6487 /* Poppins-SemiBold.ttf */,
				8137B52EBF03488E9B508365 /* AntDesign.ttf */,
				263B58E6AE83443CB57AD69B /* Entypo.ttf */,
				845D65E2E37841738637DA0D /* EvilIcons.ttf */,
				DF435A0546A54F7393BE9082 /* Feather.ttf */,
				BFF6C338F13D47A1B3E77435 /* FontAwesome.ttf */,
				6BC52000703243D29D674C4D /* FontAwesome5_Brands.ttf */,
				8AA33B6168224ABDB371D28E /* FontAwesome5_Regular.ttf */,
				4DAC6FE3DC45487B99DCBFE2 /* FontAwesome5_Solid.ttf */,
				3C04911BD69D40A1B07606CD /* FontAwesome6_Brands.ttf */,
				0B8E92FBF9A148F4A7021825 /* FontAwesome6_Regular.ttf */,
				B353EE70C81644CABB8B0F09 /* FontAwesome6_Solid.ttf */,
				B8DF08DE60DD408FAEEA12A6 /* Fontisto.ttf */,
				AE18BB2B56E24C58B22661BF /* Foundation.ttf */,
				01794928E89A4EDEBC35F87E /* Ionicons.ttf */,
				1726BA6910D44E9A9BE4AAC0 /* MaterialCommunityIcons.ttf */,
				A5A255051DB24BA48D857BC1 /* MaterialIcons.ttf */,
				A23315F0EC2548559743D431 /* Octicons.ttf */,
				7CFDF08AE4134D188E914341 /* SimpleLineIcons.ttf */,
				EF67C05C93A340B49D6EF9CC /* Zocial.ttf */,
				78023897AF2F4978BF869EC5 /* DS-DIGI.TTF */,
				48510C0365934687886EAD6F /* DS-DIGII.TTF */,
			);
			name = Resources;
			sourceTree = "<group>";
			path = "";
		};
/* End PBXGroup section */

/* Begin PBXNativeTarget section */
		13B07F861A680F5B00A75B9A /* Lector_Education */ = {
			isa = PBXNativeTarget;
			buildConfigurationList = 13B07F931A680F5B00A75B9A /* Build configuration list for PBXNativeTarget "Lector_Education" */;
			buildPhases = (
				C38B50BA6285516D6DCD4F65 /* [CP] Check Pods Manifest.lock */,
				13B07F871A680F5B00A75B9A /* Sources */,
				13B07F8C1A680F5B00A75B9A /* Frameworks */,
				13B07F8E1A680F5B00A75B9A /* Resources */,
				00DD1BFF1BD5951E006B06BC /* Bundle React Native code and images */,
				00EEFC60759A1932668264C0 /* [CP] Embed Pods Frameworks */,
				E235C05ADACE081382539298 /* [CP] Copy Pods Resources */,
			);
			buildRules = (
			);
			dependencies = (
			);
			name = Lector_Education;
			productName = Lector_Education;
			productReference = 13B07F961A680F5B00A75B9A /* Lector_Education.app */;
			productType = "com.apple.product-type.application";
		};
/* End PBXNativeTarget section */

/* Begin PBXProject section */
		83CBB9F71A601CBA00E9B192 /* Project object */ = {
			isa = PBXProject;
			attributes = {
				LastUpgradeCheck = 1210;
				TargetAttributes = {
					13B07F861A680F5B00A75B9A = {
						LastSwiftMigration = 1120;
					};
				};
			};
			buildConfigurationList = 83CBB9FA1A601CBA00E9B192 /* Build configuration list for PBXProject "Lector_Education" */;
			compatibilityVersion = "Xcode 12.0";
			developmentRegion = en;
			hasScannedForEncodings = 0;
			knownRegions = (
				en,
				Base,
			);
			mainGroup = 83CBB9F61A601CBA00E9B192;
			productRefGroup = 83CBBA001A601CBA00E9B192 /* Products */;
			projectDirPath = "";
			projectRoot = "";
			targets = (
				13B07F861A680F5B00A75B9A /* Lector_Education */,
			);
		};
/* End PBXProject section */

/* Begin PBXResourcesBuildPhase section */
		13B07F8E1A680F5B00A75B9A /* Resources */ = {
			isa = PBXResourcesBuildPhase;
			buildActionMask = 2147483647;
			files = (
				81AB9BB82411601600AC10FF /* LaunchScreen.storyboard in Resources */,
				13B07FBF1A68108700A75B9A /* Images.xcassets in Resources */,
				CF2F5B4231A34A7D8A4F31C5 /* Nunito-Bold.otf in Resources */,
				7770F948A4B443459FA48937 /* Nunito-ExtraBold.otf in Resources */,
				120B2FD027774043A6FBF71D /* Nunito-ExtraLight.otf in Resources */,
				EE0478EBD2D34B639A56AD61 /* Nunito-Light.otf in Resources */,
				06CD461696FF41D8BBE4A08A /* Nunito-Medium.otf in Resources */,
				69CE0DCAF89C47D19E40AC0E /* Nunito-Regular.otf in Resources */,
				54D86567B1B34D3AA7A3F44C /* Nunito-SemiBold.otf in Resources */,
				A408CD0A5685447BBF386E07 /* digital-7 (italic).ttf in Resources */,
				8E21813AEF4E48D1927341C8 /* digital-7 (mono italic).ttf in Resources */,
				595BD8CB6A6E47AFB66FF08A /* digital-7 (mono).ttf in Resources */,
				BD9C7323F6104854A378DCDA /* digital-7.ttf in Resources */,
				CA8F9401AF5E4ECF902D6702 /* Poppins-Bold.ttf in Resources */,
				AD65D49E8A944D3781BBE53F /* Poppins-ExtraBold.ttf in Resources */,
				20783286C3EA482CAFDB2E36 /* Poppins-ExtraLight.ttf in Resources */,
				8BD1E59754D34C2C8A9CD7E4 /* Poppins-Medium.ttf in Resources */,
				33206CAE39DB4D0F9508C222 /* Poppins-Regular.ttf in Resources */,
				71B86C85A4CB4900BF008242 /* Poppins-SemiBold.ttf in Resources */,
				E3A7BABDCBA64CDAA493621B /* AntDesign.ttf in Resources */,
				4790A60F37FB4DF9B2402C9A /* Entypo.ttf in Resources */,
				EFCA9A88F2574953A3C70E9B /* EvilIcons.ttf in Resources */,
				6536B1E75DA14AA09598F702 /* Feather.ttf in Resources */,
				7A391A60F033471EB903AE6E /* FontAwesome.ttf in Resources */,
				25F8156D5E48468A91F195F4 /* FontAwesome5_Brands.ttf in Resources */,
				75E7E131B57D4B1FA94D416E /* FontAwesome5_Regular.ttf in Resources */,
				B997B8C34C284D11B5B7EF4D /* FontAwesome5_Solid.ttf in Resources */,
				50193CE3F02345D985AFDFE8 /* FontAwesome6_Brands.ttf in Resources */,
				7F0BFEC6F2F745ED88A8E39A /* FontAwesome6_Regular.ttf in Resources */,
				AB0EDC98793D41249C349F1A /* FontAwesome6_Solid.ttf in Resources */,
				1904A7557AC141A59BC0545B /* Fontisto.ttf in Resources */,
				241B057355D94ED5B76F6F02 /* Foundation.ttf in Resources */,
				ED572254A67E4671AFBC65DF /* Ionicons.ttf in Resources */,
				CB12037F4AB544E99537E5AF /* MaterialCommunityIcons.ttf in Resources */,
				9AC9BF6542A6456498F3BF13 /* MaterialIcons.ttf in Resources */,
				71B8CEE293FE48C193CECFE9 /* Octicons.ttf in Resources */,
				F3C84D519CF148F49EC6F872 /* SimpleLineIcons.ttf in Resources */,
				A1FF158707114FD9B406E83F /* Zocial.ttf in Resources */,
				2633E7DB0D6F4D0382C0B224 /* DS-DIGI.TTF in Resources */,
				4294EC032C464BD5B969454F /* DS-DIGII.TTF in Resources */,
			);
			runOnlyForDeploymentPostprocessing = 0;
		};
/* End PBXResourcesBuildPhase section */

/* Begin PBXShellScriptBuildPhase section */
		00DD1BFF1BD5951E006B06BC /* Bundle React Native code and images */ = {
			isa = PBXShellScriptBuildPhase;
			buildActionMask = 2147483647;
			files = (
			);
			inputPaths = (
				"$(SRCROOT)/.xcode.env.local",
				"$(SRCROOT)/.xcode.env",
			);
			name = "Bundle React Native code and images";
			outputPaths = (
			);
			runOnlyForDeploymentPostprocessing = 0;
			shellPath = /bin/sh;
			shellScript = "set -e\n\nWITH_ENVIRONMENT=\"$REACT_NATIVE_PATH/scripts/xcode/with-environment.sh\"\nREACT_NATIVE_XCODE=\"$REACT_NATIVE_PATH/scripts/react-native-xcode.sh\"\n\n/bin/sh -c \"$WITH_ENVIRONMENT $REACT_NATIVE_XCODE\"\n";
		};
		00EEFC60759A1932668264C0 /* [CP] Embed Pods Frameworks */ = {
			isa = PBXShellScriptBuildPhase;
			buildActionMask = 2147483647;
			files = (
			);
			inputFileListPaths = (
				"${PODS_ROOT}/Target Support Files/Pods-Lector_Education/Pods-Lector_Education-frameworks-${CONFIGURATION}-input-files.xcfilelist",
			);
			name = "[CP] Embed Pods Frameworks";
			outputFileListPaths = (
				"${PODS_ROOT}/Target Support Files/Pods-Lector_Education/Pods-Lector_Education-frameworks-${CONFIGURATION}-output-files.xcfilelist",
			);
			runOnlyForDeploymentPostprocessing = 0;
			shellPath = /bin/sh;
			shellScript = "\"${PODS_ROOT}/Target Support Files/Pods-Lector_Education/Pods-Lector_Education-frameworks.sh\"\n";
			showEnvVarsInLog = 0;
		};
		C38B50BA6285516D6DCD4F65 /* [CP] Check Pods Manifest.lock */ = {
			isa = PBXShellScriptBuildPhase;
			buildActionMask = 2147483647;
			files = (
			);
			inputFileListPaths = (
			);
			inputPaths = (
				"${PODS_PODFILE_DIR_PATH}/Podfile.lock",
				"${PODS_ROOT}/Manifest.lock",
			);
			name = "[CP] Check Pods Manifest.lock";
			outputFileListPaths = (
			);
			outputPaths = (
				"$(DERIVED_FILE_DIR)/Pods-Lector_Education-checkManifestLockResult.txt",
			);
			runOnlyForDeploymentPostprocessing = 0;
			shellPath = /bin/sh;
			shellScript = "diff \"${PODS_PODFILE_DIR_PATH}/Podfile.lock\" \"${PODS_ROOT}/Manifest.lock\" > /dev/null\nif [ $? != 0 ] ; then\n    # print error to STDERR\n    echo \"error: The sandbox is not in sync with the Podfile.lock. Run 'pod install' or update your CocoaPods installation.\" >&2\n    exit 1\nfi\n# This output is used by Xcode 'outputs' to avoid re-running this script phase.\necho \"SUCCESS\" > \"${SCRIPT_OUTPUT_FILE_0}\"\n";
			showEnvVarsInLog = 0;
		};
		E235C05ADACE081382539298 /* [CP] Copy Pods Resources */ = {
			isa = PBXShellScriptBuildPhase;
			buildActionMask = 2147483647;
			files = (
			);
			inputFileListPaths = (
				"${PODS_ROOT}/Target Support Files/Pods-Lector_Education/Pods-Lector_Education-resources-${CONFIGURATION}-input-files.xcfilelist",
			);
			name = "[CP] Copy Pods Resources";
			outputFileListPaths = (
				"${PODS_ROOT}/Target Support Files/Pods-Lector_Education/Pods-Lector_Education-resources-${CONFIGURATION}-output-files.xcfilelist",
			);
			runOnlyForDeploymentPostprocessing = 0;
			shellPath = /bin/sh;
			shellScript = "\"${PODS_ROOT}/Target Support Files/Pods-Lector_Education/Pods-Lector_Education-resources.sh\"\n";
			showEnvVarsInLog = 0;
		};
/* End PBXShellScriptBuildPhase section */

/* Begin PBXSourcesBuildPhase section */
		13B07F871A680F5B00A75B9A /* Sources */ = {
			isa = PBXSourcesBuildPhase;
			buildActionMask = 2147483647;
			files = (
				761780ED2CA45674006654EE /* AppDelegate.swift in Sources */,
			);
			runOnlyForDeploymentPostprocessing = 0;
		};
/* End PBXSourcesBuildPhase section */

/* Begin XCBuildConfiguration section */
		13B07F941A680F5B00A75B9A /* Debug */ = {
			isa = XCBuildConfiguration;
			baseConfigurationReference = 3B4392A12AC88292D35C810B /* Pods-Lector_Education.debug.xcconfig */;
			buildSettings = {
				ASSETCATALOG_COMPILER_APPICON_NAME = AppIcon;
				CLANG_ENABLE_MODULES = YES;
				CURRENT_PROJECT_VERSION = 1;
				ENABLE_BITCODE = NO;
				INFOPLIST_FILE = Lector_Education/Info.plist;
				IPHONEOS_DEPLOYMENT_TARGET = 15.1;
				LD_RUNPATH_SEARCH_PATHS = (
					"$(inherited)",
					"@executable_path/Frameworks",
				);
				MARKETING_VERSION = 1.0;
				OTHER_LDFLAGS = (
					"$(inherited)",
					"-ObjC",
					"-lc++",
				);
				PRODUCT_BUNDLE_IDENTIFIER = "org.reactjs.native.example.$(PRODUCT_NAME:rfc1034identifier)";
				PRODUCT_NAME = Lector_Education;
				SWIFT_OPTIMIZATION_LEVEL = "-Onone";
				SWIFT_VERSION = 5.0;
				VERSIONING_SYSTEM = "apple-generic";
			};
			name = Debug;
		};
		13B07F951A680F5B00A75B9A /* Release */ = {
			isa = XCBuildConfiguration;
			baseConfigurationReference = 5709B34CF0A7D63546082F79 /* Pods-Lector_Education.release.xcconfig */;
			buildSettings = {
				ASSETCATALOG_COMPILER_APPICON_NAME = AppIcon;
				CLANG_ENABLE_MODULES = YES;
				CURRENT_PROJECT_VERSION = 1;
				INFOPLIST_FILE = Lector_Education/Info.plist;
				IPHONEOS_DEPLOYMENT_TARGET = 15.1;
				LD_RUNPATH_SEARCH_PATHS = (
					"$(inherited)",
					"@executable_path/Frameworks",
				);
				MARKETING_VERSION = 1.0;
				OTHER_LDFLAGS = (
					"$(inherited)",
					"-ObjC",
					"-lc++",
				);
				PRODUCT_BUNDLE_IDENTIFIER = "org.reactjs.native.example.$(PRODUCT_NAME:rfc1034identifier)";
				PRODUCT_NAME = Lector_Education;
				SWIFT_VERSION = 5.0;
				VERSIONING_SYSTEM = "apple-generic";
			};
			name = Release;
		};
		83CBBA201A601CBA00E9B192 /* Debug */ = {
			isa = XCBuildConfiguration;
			buildSettings = {
				ALWAYS_SEARCH_USER_PATHS = NO;
				CLANG_ANALYZER_LOCALIZABILITY_NONLOCALIZED = YES;
				CLANG_CXX_LANGUAGE_STANDARD = "c++20";
				CLANG_CXX_LIBRARY = "libc++";
				CLANG_ENABLE_MODULES = YES;
				CLANG_ENABLE_OBJC_ARC = YES;
				CLANG_WARN_BLOCK_CAPTURE_AUTORELEASING = YES;
				CLANG_WARN_BOOL_CONVERSION = YES;
				CLANG_WARN_COMMA = YES;
				CLANG_WARN_CONSTANT_CONVERSION = YES;
				CLANG_WARN_DEPRECATED_OBJC_IMPLEMENTATIONS = YES;
				CLANG_WARN_DIRECT_OBJC_ISA_USAGE = YES_ERROR;
				CLANG_WARN_EMPTY_BODY = YES;
				CLANG_WARN_ENUM_CONVERSION = YES;
				CLANG_WARN_INFINITE_RECURSION = YES;
				CLANG_WARN_INT_CONVERSION = YES;
				CLANG_WARN_NON_LITERAL_NULL_CONVERSION = YES;
				CLANG_WARN_OBJC_IMPLICIT_RETAIN_SELF = YES;
				CLANG_WARN_OBJC_LITERAL_CONVERSION = YES;
				CLANG_WARN_OBJC_ROOT_CLASS = YES_ERROR;
				CLANG_WARN_QUOTED_INCLUDE_IN_FRAMEWORK_HEADER = YES;
				CLANG_WARN_RANGE_LOOP_ANALYSIS = YES;
				CLANG_WARN_STRICT_PROTOTYPES = YES;
				CLANG_WARN_SUSPICIOUS_MOVE = YES;
				CLANG_WARN_UNREACHABLE_CODE = YES;
				CLANG_WARN__DUPLICATE_METHOD_MATCH = YES;
				"CODE_SIGN_IDENTITY[sdk=iphoneos*]" = "iPhone Developer";
				COPY_PHASE_STRIP = NO;
				ENABLE_STRICT_OBJC_MSGSEND = YES;
				ENABLE_TESTABILITY = YES;
				"EXCLUDED_ARCHS[sdk=iphonesimulator*]" = "";
				GCC_C_LANGUAGE_STANDARD = gnu99;
				GCC_DYNAMIC_NO_PIC = NO;
				GCC_NO_COMMON_BLOCKS = YES;
				GCC_OPTIMIZATION_LEVEL = 0;
				GCC_PREPROCESSOR_DEFINITIONS = (
					"DEBUG=1",
					"$(inherited)",
				);
				GCC_SYMBOLS_PRIVATE_EXTERN = NO;
				GCC_WARN_64_TO_32_BIT_CONVERSION = YES;
				GCC_WARN_ABOUT_RETURN_TYPE = YES_ERROR;
				GCC_WARN_UNDECLARED_SELECTOR = YES;
				GCC_WARN_UNINITIALIZED_AUTOS = YES_AGGRESSIVE;
				GCC_WARN_UNUSED_FUNCTION = YES;
				GCC_WARN_UNUSED_VARIABLE = YES;
				IPHONEOS_DEPLOYMENT_TARGET = 15.1;
				LD_RUNPATH_SEARCH_PATHS = (
					/usr/lib/swift,
					"$(inherited)",
				);
				LIBRARY_SEARCH_PATHS = (
					"\"$(SDKROOT)/usr/lib/swift\"",
					"\"$(TOOLCHAIN_DIR)/usr/lib/swift/$(PLATFORM_NAME)\"",
					"\"$(inherited)\"",
				);
				MTL_ENABLE_DEBUG_INFO = YES;
				ONLY_ACTIVE_ARCH = YES;
				OTHER_CPLUSPLUSFLAGS = (
					"$(OTHER_CFLAGS)",
					"-DFOLLY_NO_CONFIG",
					"-DFOLLY_MOBILE=1",
					"-DFOLLY_USE_LIBCPP=1",
					"-DFOLLY_CFG_NO_COROUTINES=1",
					"-DFOLLY_HAVE_CLOCK_GETTIME=1",
				);
				SDKROOT = iphoneos;
			};
			name = Debug;
		};
		83CBBA211A601CBA00E9B192 /* Release */ = {
			isa = XCBuildConfiguration;
			buildSettings = {
				ALWAYS_SEARCH_USER_PATHS = NO;
				CLANG_ANALYZER_LOCALIZABILITY_NONLOCALIZED = YES;
				CLANG_CXX_LANGUAGE_STANDARD = "c++20";
				CLANG_CXX_LIBRARY = "libc++";
				CLANG_ENABLE_MODULES = YES;
				CLANG_ENABLE_OBJC_ARC = YES;
				CLANG_WARN_BLOCK_CAPTURE_AUTORELEASING = YES;
				CLANG_WARN_BOOL_CONVERSION = YES;
				CLANG_WARN_COMMA = YES;
				CLANG_WARN_CONSTANT_CONVERSION = YES;
				CLANG_WARN_DEPRECATED_OBJC_IMPLEMENTATIONS = YES;
				CLANG_WARN_DIRECT_OBJC_ISA_USAGE = YES_ERROR;
				CLANG_WARN_EMPTY_BODY = YES;
				CLANG_WARN_ENUM_CONVERSION = YES;
				CLANG_WARN_INFINITE_RECURSION = YES;
				CLANG_WARN_INT_CONVERSION = YES;
				CLANG_WARN_NON_LITERAL_NULL_CONVERSION = YES;
				CLANG_WARN_OBJC_IMPLICIT_RETAIN_SELF = YES;
				CLANG_WARN_OBJC_LITERAL_CONVERSION = YES;
				CLANG_WARN_OBJC_ROOT_CLASS = YES_ERROR;
				CLANG_WARN_QUOTED_INCLUDE_IN_FRAMEWORK_HEADER = YES;
				CLANG_WARN_RANGE_LOOP_ANALYSIS = YES;
				CLANG_WARN_STRICT_PROTOTYPES = YES;
				CLANG_WARN_SUSPICIOUS_MOVE = YES;
				CLANG_WARN_UNREACHABLE_CODE = YES;
				CLANG_WARN__DUPLICATE_METHOD_MATCH = YES;
				"CODE_SIGN_IDENTITY[sdk=iphoneos*]" = "iPhone Developer";
				COPY_PHASE_STRIP = YES;
				ENABLE_NS_ASSERTIONS = NO;
				ENABLE_STRICT_OBJC_MSGSEND = YES;
				"EXCLUDED_ARCHS[sdk=iphonesimulator*]" = "";
				GCC_C_LANGUAGE_STANDARD = gnu99;
				GCC_NO_COMMON_BLOCKS = YES;
				GCC_WARN_64_TO_32_BIT_CONVERSION = YES;
				GCC_WARN_ABOUT_RETURN_TYPE = YES_ERROR;
				GCC_WARN_UNDECLARED_SELECTOR = YES;
				GCC_WARN_UNINITIALIZED_AUTOS = YES_AGGRESSIVE;
				GCC_WARN_UNUSED_FUNCTION = YES;
				GCC_WARN_UNUSED_VARIABLE = YES;
				IPHONEOS_DEPLOYMENT_TARGET = 15.1;
				LD_RUNPATH_SEARCH_PATHS = (
					/usr/lib/swift,
					"$(inherited)",
				);
				LIBRARY_SEARCH_PATHS = (
					"\"$(SDKROOT)/usr/lib/swift\"",
					"\"$(TOOLCHAIN_DIR)/usr/lib/swift/$(PLATFORM_NAME)\"",
					"\"$(inherited)\"",
				);
				MTL_ENABLE_DEBUG_INFO = NO;
				OTHER_CPLUSPLUSFLAGS = (
					"$(OTHER_CFLAGS)",
					"-DFOLLY_NO_CONFIG",
					"-DFOLLY_MOBILE=1",
					"-DFOLLY_USE_LIBCPP=1",
					"-DFOLLY_CFG_NO_COROUTINES=1",
					"-DFOLLY_HAVE_CLOCK_GETTIME=1",
				);
				SDKROOT = iphoneos;
				VALIDATE_PRODUCT = YES;
			};
			name = Release;
		};
/* End XCBuildConfiguration section */

/* Begin XCConfigurationList section */
		13B07F931A680F5B00A75B9A /* Build configuration list for PBXNativeTarget "Lector_Education" */ = {
			isa = XCConfigurationList;
			buildConfigurations = (
				13B07F941A680F5B00A75B9A /* Debug */,
				13B07F951A680F5B00A75B9A /* Release */,
			);
			defaultConfigurationIsVisible = 0;
			defaultConfigurationName = Release;
		};
		83CBB9FA1A601CBA00E9B192 /* Build configuration list for PBXProject "Lector_Education" */ = {
			isa = XCConfigurationList;
			buildConfigurations = (
				83CBBA201A601CBA00E9B192 /* Debug */,
				83CBBA211A601CBA00E9B192 /* Release */,
			);
			defaultConfigurationIsVisible = 0;
			defaultConfigurationName = Release;
		};
/* End XCConfigurationList section */
	};
	rootObject = 83CBB9F71A601CBA00E9B192 /* Project object */;
}
